// !$*UTF8*$!
{
	archiveVersion = 1;
	classes = {
	};
	objectVersion = 46;
	objects = {

/* Begin PBXBuildFile section */
		20A3200518697DDA00548DC4 /* Foundation.framework in Frameworks */ = {isa = PBXBuildFile; fileRef = 20A3200418697DDA00548DC4 /* Foundation.framework */; };
		20A3200718697DDA00548DC4 /* CoreGraphics.framework in Frameworks */ = {isa = PBXBuildFile; fileRef = 20A3200618697DDA00548DC4 /* CoreGraphics.framework */; };
		20A3200918697DDA00548DC4 /* UIKit.framework in Frameworks */ = {isa = PBXBuildFile; fileRef = 20A3200818697DDA00548DC4 /* UIKit.framework */; };
		20A3200B18697DDA00548DC4 /* CoreData.framework in Frameworks */ = {isa = PBXBuildFile; fileRef = 20A3200A18697DDA00548DC4 /* CoreData.framework */; };
		20A3201118697DDA00548DC4 /* InfoPlist.strings in Resources */ = {isa = PBXBuildFile; fileRef = 20A3200F18697DDA00548DC4 /* InfoPlist.strings */; };
		20A3201318697DDA00548DC4 /* main.m in Sources */ = {isa = PBXBuildFile; fileRef = 20A3201218697DDA00548DC4 /* main.m */; };
		20A3201718697DDA00548DC4 /* AppDelegate.m in Sources */ = {isa = PBXBuildFile; fileRef = 20A3201618697DDA00548DC4 /* AppDelegate.m */; };
		20A3201A18697DDA00548DC4 /* CoreData.xcdatamodeld in Sources */ = {isa = PBXBuildFile; fileRef = 20A3201818697DDA00548DC4 /* CoreData.xcdatamodeld */; };
		20A3201C18697DDA00548DC4 /* Images.xcassets in Resources */ = {isa = PBXBuildFile; fileRef = 20A3201B18697DDA00548DC4 /* Images.xcassets */; };
		20A3202318697DDA00548DC4 /* XCTest.framework in Frameworks */ = {isa = PBXBuildFile; fileRef = 20A3202218697DDA00548DC4 /* XCTest.framework */; };
		20A3202418697DDA00548DC4 /* Foundation.framework in Frameworks */ = {isa = PBXBuildFile; fileRef = 20A3200418697DDA00548DC4 /* Foundation.framework */; };
		20A3202518697DDA00548DC4 /* UIKit.framework in Frameworks */ = {isa = PBXBuildFile; fileRef = 20A3200818697DDA00548DC4 /* UIKit.framework */; };
		20A3202618697DDA00548DC4 /* CoreData.framework in Frameworks */ = {isa = PBXBuildFile; fileRef = 20A3200A18697DDA00548DC4 /* CoreData.framework */; };
		20A3202E18697DDA00548DC4 /* InfoPlist.strings in Resources */ = {isa = PBXBuildFile; fileRef = 20A3202C18697DDA00548DC4 /* InfoPlist.strings */; };
		20A3203018697DDA00548DC4 /* CoreDataTests.m in Sources */ = {isa = PBXBuildFile; fileRef = 20A3202F18697DDA00548DC4 /* CoreDataTests.m */; };
		20A3203A18697F6E00548DC4 /* MainStoryBoard.storyboard in Resources */ = {isa = PBXBuildFile; fileRef = 20A3203918697F6E00548DC4 /* MainStoryBoard.storyboard */; };
		20A3203D1869E27200548DC4 /* PatientsTVC.m in Sources */ = {isa = PBXBuildFile; fileRef = 20A3203C1869E27200548DC4 /* PatientsTVC.m */; };
		20A320401869E2A800548DC4 /* PrescriptionsTVC.m in Sources */ = {isa = PBXBuildFile; fileRef = 20A3203F1869E2A800548DC4 /* PrescriptionsTVC.m */; };
		20A320431869E36000548DC4 /* AddPatientVC.m in Sources */ = {isa = PBXBuildFile; fileRef = 20A320421869E36000548DC4 /* AddPatientVC.m */; };
		20A320461869E39100548DC4 /* AddPrescriptionVC.m in Sources */ = {isa = PBXBuildFile; fileRef = 20A320451869E39100548DC4 /* AddPrescriptionVC.m */; };
/* End PBXBuildFile section */

/* Begin PBXContainerItemProxy section */
		20A3202718697DDA00548DC4 /* PBXContainerItemProxy */ = {
			isa = PBXContainerItemProxy;
			containerPortal = 20A31FF918697DDA00548DC4 /* Project object */;
			proxyType = 1;
			remoteGlobalIDString = 20A3200018697DDA00548DC4;
			remoteInfo = CoreData;
		};
/* End PBXContainerItemProxy section */

/* Begin PBXFileReference section */
		20A3200118697DDA00548DC4 /* CoreData.app */ = {isa = PBXFileReference; explicitFileType = wrapper.application; includeInIndex = 0; path = CoreData.app; sourceTree = BUILT_PRODUCTS_DIR; };
		20A3200418697DDA00548DC4 /* Foundation.framework */ = {isa = PBXFileReference; lastKnownFileType = wrapper.framework; name = Foundation.framework; path = System/Library/Frameworks/Foundation.framework; sourceTree = SDKROOT; };
		20A3200618697DDA00548DC4 /* CoreGraphics.framework */ = {isa = PBXFileReference; lastKnownFileType = wrapper.framework; name = CoreGraphics.framework; path = System/Library/Frameworks/CoreGraphics.framework; sourceTree = SDKROOT; };
		20A3200818697DDA00548DC4 /* UIKit.framework */ = {isa = PBXFileReference; lastKnownFileType = wrapper.framework; name = UIKit.framework; path = System/Library/Frameworks/UIKit.framework; sourceTree = SDKROOT; };
		20A3200A18697DDA00548DC4 /* CoreData.framework */ = {isa = PBXFileReference; lastKnownFileType = wrapper.framework; name = CoreData.framework; path = System/Library/Frameworks/CoreData.framework; sourceTree = SDKROOT; };
		20A3200E18697DDA00548DC4 /* CoreData-Info.plist */ = {isa = PBXFileReference; lastKnownFileType = text.plist.xml; path = "CoreData-Info.plist"; sourceTree = "<group>"; };
		20A3201018697DDA00548DC4 /* en */ = {isa = PBXFileReference; lastKnownFileType = text.plist.strings; name = en; path = en.lproj/InfoPlist.strings; sourceTree = "<group>"; };
		20A3201218697DDA00548DC4 /* main.m */ = {isa = PBXFileReference; lastKnownFileType = sourcecode.c.objc; path = main.m; sourceTree = "<group>"; };
		20A3201418697DDA00548DC4 /* CoreData-Prefix.pch */ = {isa = PBXFileReference; lastKnownFileType = sourcecode.c.h; path = "CoreData-Prefix.pch"; sourceTree = "<group>"; };
		20A3201518697DDA00548DC4 /* AppDelegate.h */ = {isa = PBXFileReference; lastKnownFileType = sourcecode.c.h; path = AppDelegate.h; sourceTree = "<group>"; };
		20A3201618697DDA00548DC4 /* AppDelegate.m */ = {isa = PBXFileReference; lastKnownFileType = sourcecode.c.objc; path = AppDelegate.m; sourceTree = "<group>"; };
		20A3201918697DDA00548DC4 /* CoreData.xcdatamodel */ = {isa = PBXFileReference; lastKnownFileType = wrapper.xcdatamodel; path = CoreData.xcdatamodel; sourceTree = "<group>"; };
		20A3201B18697DDA00548DC4 /* Images.xcassets */ = {isa = PBXFileReference; lastKnownFileType = folder.assetcatalog; path = Images.xcassets; sourceTree = "<group>"; };
		20A3202118697DDA00548DC4 /* CoreDataTests.xctest */ = {isa = PBXFileReference; explicitFileType = wrapper.cfbundle; includeInIndex = 0; path = CoreDataTests.xctest; sourceTree = BUILT_PRODUCTS_DIR; };
		20A3202218697DDA00548DC4 /* XCTest.framework */ = {isa = PBXFileReference; lastKnownFileType = wrapper.framework; name = XCTest.framework; path = Library/Frameworks/XCTest.framework; sourceTree = DEVELOPER_DIR; };
		20A3202B18697DDA00548DC4 /* CoreDataTests-Info.plist */ = {isa = PBXFileReference; lastKnownFileType = text.plist.xml; path = "CoreDataTests-Info.plist"; sourceTree = "<group>"; };
		20A3202D18697DDA00548DC4 /* en */ = {isa = PBXFileReference; lastKnownFileType = text.plist.strings; name = en; path = en.lproj/InfoPlist.strings; sourceTree = "<group>"; };
		20A3202F18697DDA00548DC4 /* CoreDataTests.m */ = {isa = PBXFileReference; lastKnownFileType = sourcecode.c.objc; path = CoreDataTests.m; sourceTree = "<group>"; };
		20A3203918697F6E00548DC4 /* MainStoryBoard.storyboard */ = {isa = PBXFileReference; fileEncoding = 4; lastKnownFileType = file.storyboard; path = MainStoryBoard.storyboard; sourceTree = "<group>"; };
		20A3203B1869E27200548DC4 /* PatientsTVC.h */ = {isa = PBXFileReference; fileEncoding = 4; lastKnownFileType = sourcecode.c.h; path = PatientsTVC.h; sourceTree = "<group>"; };
		20A3203C1869E27200548DC4 /* PatientsTVC.m */ = {isa = PBXFileReference; fileEncoding = 4; lastKnownFileType = sourcecode.c.objc; path = PatientsTVC.m; sourceTree = "<group>"; };
		20A3203E1869E2A800548DC4 /* PrescriptionsTVC.h */ = {isa = PBXFileReference; fileEncoding = 4; lastKnownFileType = sourcecode.c.h; path = PrescriptionsTVC.h; sourceTree = "<group>"; };
		20A3203F1869E2A800548DC4 /* PrescriptionsTVC.m */ = {isa = PBXFileReference; fileEncoding = 4; lastKnownFileType = sourcecode.c.objc; path = PrescriptionsTVC.m; sourceTree = "<group>"; };
		20A320411869E36000548DC4 /* AddPatientVC.h */ = {isa = PBXFileReference; fileEncoding = 4; lastKnownFileType = sourcecode.c.h; path = AddPatientVC.h; sourceTree = "<group>"; };
		20A320421869E36000548DC4 /* AddPatientVC.m */ = {isa = PBXFileReference; fileEncoding = 4; lastKnownFileType = sourcecode.c.objc; path = AddPatientVC.m; sourceTree = "<group>"; };
		20A320441869E39100548DC4 /* AddPrescriptionVC.h */ = {isa = PBXFileReference; fileEncoding = 4; lastKnownFileType = sourcecode.c.h; path = AddPrescriptionVC.h; sourceTree = "<group>"; };
		20A320451869E39100548DC4 /* AddPrescriptionVC.m */ = {isa = PBXFileReference; fileEncoding = 4; lastKnownFileType = sourcecode.c.objc; path = AddPrescriptionVC.m; sourceTree = "<group>"; };
/* End PBXFileReference section */

/* Begin PBXFrameworksBuildPhase section */
		20A31FFE18697DDA00548DC4 /* Frameworks */ = {
			isa = PBXFrameworksBuildPhase;
			buildActionMask = 2147483647;
			files = (
				20A3200718697DDA00548DC4 /* CoreGraphics.framework in Frameworks */,
				20A3200B18697DDA00548DC4 /* CoreData.framework in Frameworks */,
				20A3200918697DDA00548DC4 /* UIKit.framework in Frameworks */,
				20A3200518697DDA00548DC4 /* Foundation.framework in Frameworks */,
			);
			runOnlyForDeploymentPostprocessing = 0;
		};
		20A3201E18697DDA00548DC4 /* Frameworks */ = {
			isa = PBXFrameworksBuildPhase;
			buildActionMask = 2147483647;
			files = (
				20A3202318697DDA00548DC4 /* XCTest.framework in Frameworks */,
				20A3202618697DDA00548DC4 /* CoreData.framework in Frameworks */,
				20A3202518697DDA00548DC4 /* UIKit.framework in Frameworks */,
				20A3202418697DDA00548DC4 /* Foundation.framework in Frameworks */,
			);
			runOnlyForDeploymentPostprocessing = 0;
		};
/* End PBXFrameworksBuildPhase section */

/* Begin PBXGroup section */
		20A31FF818697DDA00548DC4 = {
			isa = PBXGroup;
			children = (
				20A3203918697F6E00548DC4 /* MainStoryBoard.storyboard */,
				20A3203B1869E27200548DC4 /* PatientsTVC.h */,
				20A3203C1869E27200548DC4 /* PatientsTVC.m */,
				20A3203E1869E2A800548DC4 /* PrescriptionsTVC.h */,
				20A3203F1869E2A800548DC4 /* PrescriptionsTVC.m */,
				20A320411869E36000548DC4 /* AddPatientVC.h */,
				20A320421869E36000548DC4 /* AddPatientVC.m */,
				20A320441869E39100548DC4 /* AddPrescriptionVC.h */,
				20A320451869E39100548DC4 /* AddPrescriptionVC.m */,
				20A3200C18697DDA00548DC4 /* CoreData */,
				20A3202918697DDA00548DC4 /* CoreDataTests */,
				20A3200318697DDA00548DC4 /* Frameworks */,
				20A3200218697DDA00548DC4 /* Products */,
			);
			sourceTree = "<group>";
		};
		20A3200218697DDA00548DC4 /* Products */ = {
			isa = PBXGroup;
			children = (
				20A3200118697DDA00548DC4 /* CoreData.app */,
				20A3202118697DDA00548DC4 /* CoreDataTests.xctest */,
			);
			name = Products;
			sourceTree = "<group>";
		};
		20A3200318697DDA00548DC4 /* Frameworks */ = {
			isa = PBXGroup;
			children = (
				20A3200418697DDA00548DC4 /* Foundation.framework */,
				20A3200618697DDA00548DC4 /* CoreGraphics.framework */,
				20A3200818697DDA00548DC4 /* UIKit.framework */,
				20A3200A18697DDA00548DC4 /* CoreData.framework */,
				20A3202218697DDA00548DC4 /* XCTest.framework */,
			);
			name = Frameworks;
			sourceTree = "<group>";
		};
		20A3200C18697DDA00548DC4 /* CoreData */ = {
			isa = PBXGroup;
			children = (
				20A3201518697DDA00548DC4 /* AppDelegate.h */,
				20A3201618697DDA00548DC4 /* AppDelegate.m */,
				20A3201B18697DDA00548DC4 /* Images.xcassets */,
				20A3201818697DDA00548DC4 /* CoreData.xcdatamodeld */,
				20A3200D18697DDA00548DC4 /* Supporting Files */,
			);
			path = CoreData;
			sourceTree = "<group>";
		};
		20A3200D18697DDA00548DC4 /* Supporting Files */ = {
			isa = PBXGroup;
			children = (
				20A3200E18697DDA00548DC4 /* CoreData-Info.plist */,
				20A3200F18697DDA00548DC4 /* InfoPlist.strings */,
				20A3201218697DDA00548DC4 /* main.m */,
				20A3201418697DDA00548DC4 /* CoreData-Prefix.pch */,
			);
			name = "Supporting Files";
			sourceTree = "<group>";
		};
		20A3202918697DDA00548DC4 /* CoreDataTests */ = {
			isa = PBXGroup;
			children = (
				20A3202F18697DDA00548DC4 /* CoreDataTests.m */,
				20A3202A18697DDA00548DC4 /* Supporting Files */,
			);
			path = CoreDataTests;
			sourceTree = "<group>";
		};
		20A3202A18697DDA00548DC4 /* Supporting Files */ = {
			isa = PBXGroup;
			children = (
				20A3202B18697DDA00548DC4 /* CoreDataTests-Info.plist */,
				20A3202C18697DDA00548DC4 /* InfoPlist.strings */,
			);
			name = "Supporting Files";
			sourceTree = "<group>";
		};
/* End PBXGroup section */

/* Begin PBXNativeTarget section */
		20A3200018697DDA00548DC4 /* CoreData */ = {
			isa = PBXNativeTarget;
			buildConfigurationList = 20A3203318697DDA00548DC4 /* Build configuration list for PBXNativeTarget "CoreData" */;
			buildPhases = (
				20A31FFD18697DDA00548DC4 /* Sources */,
				20A31FFE18697DDA00548DC4 /* Frameworks */,
				20A31FFF18697DDA00548DC4 /* Resources */,
			);
			buildRules = (
			);
			dependencies = (
			);
			name = CoreData;
			productName = CoreData;
			productReference = 20A3200118697DDA00548DC4 /* CoreData.app */;
			productType = "com.apple.product-type.application";
		};
		20A3202018697DDA00548DC4 /* CoreDataTests */ = {
			isa = PBXNativeTarget;
			buildConfigurationList = 20A3203618697DDA00548DC4 /* Build configuration list for PBXNativeTarget "CoreDataTests" */;
			buildPhases = (
				20A3201D18697DDA00548DC4 /* Sources */,
				20A3201E18697DDA00548DC4 /* Frameworks */,
				20A3201F18697DDA00548DC4 /* Resources */,
			);
			buildRules = (
			);
			dependencies = (
				20A3202818697DDA00548DC4 /* PBXTargetDependency */,
			);
			name = CoreDataTests;
			productName = CoreDataTests;
			productReference = 20A3202118697DDA00548DC4 /* CoreDataTests.xctest */;
			productType = "com.apple.product-type.bundle.unit-test";
		};
/* End PBXNativeTarget section */

/* Begin PBXProject section */
		20A31FF918697DDA00548DC4 /* Project object */ = {
			isa = PBXProject;
			attributes = {
				LastUpgradeCheck = 0500;
				ORGANIZATIONNAME = "Ray Amour";
				TargetAttributes = {
					20A3200018697DDA00548DC4 = {
						DevelopmentTeam = 9KH9J63N69;
					};
					20A3202018697DDA00548DC4 = {
						TestTargetID = 20A3200018697DDA00548DC4;
					};
				};
			};
			buildConfigurationList = 20A31FFC18697DDA00548DC4 /* Build configuration list for PBXProject "CoreData" */;
			compatibilityVersion = "Xcode 3.2";
			developmentRegion = English;
			hasScannedForEncodings = 0;
			knownRegions = (
				en,
			);
			mainGroup = 20A31FF818697DDA00548DC4;
			productRefGroup = 20A3200218697DDA00548DC4 /* Products */;
			projectDirPath = "";
			projectRoot = "";
			targets = (
				20A3200018697DDA00548DC4 /* CoreData */,
				20A3202018697DDA00548DC4 /* CoreDataTests */,
			);
		};
/* End PBXProject section */

/* Begin PBXResourcesBuildPhase section */
		20A31FFF18697DDA00548DC4 /* Resources */ = {
			isa = PBXResourcesBuildPhase;
			buildActionMask = 2147483647;
			files = (
				20A3203A18697F6E00548DC4 /* MainStoryBoard.storyboard in Resources */,
				20A3201118697DDA00548DC4 /* InfoPlist.strings in Resources */,
				20A3201C18697DDA00548DC4 /* Images.xcassets in Resources */,
			);
			runOnlyForDeploymentPostprocessing = 0;
		};
		20A3201F18697DDA00548DC4 /* Resources */ = {
			isa = PBXResourcesBuildPhase;
			buildActionMask = 2147483647;
			files = (
				20A3202E18697DDA00548DC4 /* InfoPlist.strings in Resources */,
			);
			runOnlyForDeploymentPostprocessing = 0;
		};
/* End PBXResourcesBuildPhase section */

/* Begin PBXSourcesBuildPhase section */
		20A31FFD18697DDA00548DC4 /* Sources */ = {
			isa = PBXSourcesBuildPhase;
			buildActionMask = 2147483647;
			files = (
				20A3201718697DDA00548DC4 /* AppDelegate.m in Sources */,
				20A3203D1869E27200548DC4 /* PatientsTVC.m in Sources */,
				20A3201318697DDA00548DC4 /* main.m in Sources */,
				20A3201A18697DDA00548DC4 /* CoreData.xcdatamodeld in Sources */,
				20A320431869E36000548DC4 /* AddPatientVC.m in Sources */,
				20A320401869E2A800548DC4 /* PrescriptionsTVC.m in Sources */,
				20A320461869E39100548DC4 /* AddPrescriptionVC.m in Sources */,
			);
			runOnlyForDeploymentPostprocessing = 0;
		};
		20A3201D18697DDA00548DC4 /* Sources */ = {
			isa = PBXSourcesBuildPhase;
			buildActionMask = 2147483647;
			files = (
				20A3203018697DDA00548DC4 /* CoreDataTests.m in Sources */,
			);
			runOnlyForDeploymentPostprocessing = 0;
		};
/* End PBXSourcesBuildPhase section */

/* Begin PBXTargetDependency section */
		20A3202818697DDA00548DC4 /* PBXTargetDependency */ = {
			isa = PBXTargetDependency;
			target = 20A3200018697DDA00548DC4 /* CoreData */;
			targetProxy = 20A3202718697DDA00548DC4 /* PBXContainerItemProxy */;
		};
/* End PBXTargetDependency section */

/* Begin PBXVariantGroup section */
		20A3200F18697DDA00548DC4 /* InfoPlist.strings */ = {
			isa = PBXVariantGroup;
			children = (
				20A3201018697DDA00548DC4 /* en */,
			);
			name = InfoPlist.strings;
			sourceTree = "<group>";
		};
		20A3202C18697DDA00548DC4 /* InfoPlist.strings */ = {
			isa = PBXVariantGroup;
			children = (
				20A3202D18697DDA00548DC4 /* en */,
			);
			name = InfoPlist.strings;
			sourceTree = "<group>";
		};
/* End PBXVariantGroup section */

/* Begin XCBuildConfiguration section */
		20A3203118697DDA00548DC4 /* Debug */ = {
			isa = XCBuildConfiguration;
			buildSettings = {
				ALWAYS_SEARCH_USER_PATHS = NO;
				ARCHS = "$(ARCHS_STANDARD_INCLUDING_64_BIT)";
				CLANG_CXX_LANGUAGE_STANDARD = "gnu++0x";
				CLANG_CXX_LIBRARY = "libc++";
				CLANG_ENABLE_MODULES = YES;
				CLANG_ENABLE_OBJC_ARC = YES;
				CLANG_WARN_BOOL_CONVERSION = YES;
				CLANG_WARN_CONSTANT_CONVERSION = YES;
				CLANG_WARN_DIRECT_OBJC_ISA_USAGE = YES_ERROR;
				CLANG_WARN_EMPTY_BODY = YES;
				CLANG_WARN_ENUM_CONVERSION = YES;
				CLANG_WARN_INT_CONVERSION = YES;
				CLANG_WARN_OBJC_ROOT_CLASS = YES_ERROR;
				CLANG_WARN__DUPLICATE_METHOD_MATCH = YES;
				"CODE_SIGN_IDENTITY[sdk=iphoneos*]" = "iPhone Developer";
				COPY_PHASE_STRIP = NO;
				GCC_C_LANGUAGE_STANDARD = gnu99;
				GCC_DYNAMIC_NO_PIC = NO;
				GCC_OPTIMIZATION_LEVEL = 0;
				GCC_PREPROCESSOR_DEFINITIONS = (
					"DEBUG=1",
					"$(inherited)",
				);
				GCC_SYMBOLS_PRIVATE_EXTERN = NO;
				GCC_WARN_64_TO_32_BIT_CONVERSION = YES;
				GCC_WARN_ABOUT_RETURN_TYPE = YES_ERROR;
				GCC_WARN_UNDECLARED_SELECTOR = YES;
				GCC_WARN_UNINITIALIZED_AUTOS = YES;
				GCC_WARN_UNUSED_FUNCTION = YES;
				GCC_WARN_UNUSED_VARIABLE = YES;
				IPHONEOS_DEPLOYMENT_TARGET = 7.0;
				ONLY_ACTIVE_ARCH = YES;
				SDKROOT = iphoneos;
			};
			name = Debug;
		};
		20A3203218697DDA00548DC4 /* Release */ = {
			isa = XCBuildConfiguration;
			buildSettings = {
				ALWAYS_SEARCH_USER_PATHS = NO;
				ARCHS = "$(ARCHS_STANDARD_INCLUDING_64_BIT)";
				CLANG_CXX_LANGUAGE_STANDARD = "gnu++0x";
				CLANG_CXX_LIBRARY = "libc++";
				CLANG_ENABLE_MODULES = YES;
				CLANG_ENABLE_OBJC_ARC = YES;
				CLANG_WARN_BOOL_CONVERSION = YES;
				CLANG_WARN_CONSTANT_CONVERSION = YES;
				CLANG_WARN_DIRECT_OBJC_ISA_USAGE = YES_ERROR;
				CLANG_WARN_EMPTY_BODY = YES;
				CLANG_WARN_ENUM_CONVERSION = YES;
				CLANG_WARN_INT_CONVERSION = YES;
				CLANG_WARN_OBJC_ROOT_CLASS = YES_ERROR;
				CLANG_WARN__DUPLICATE_METHOD_MATCH = YES;
				"CODE_SIGN_IDENTITY[sdk=iphoneos*]" = "iPhone Developer";
				COPY_PHASE_STRIP = YES;
				ENABLE_NS_ASSERTIONS = NO;
				GCC_C_LANGUAGE_STANDARD = gnu99;
				GCC_WARN_64_TO_32_BIT_CONVERSION = YES;
				GCC_WARN_ABOUT_RETURN_TYPE = YES_ERROR;
				GCC_WARN_UNDECLARED_SELECTOR = YES;
				GCC_WARN_UNINITIALIZED_AUTOS = YES;
				GCC_WARN_UNUSED_FUNCTION = YES;
				GCC_WARN_UNUSED_VARIABLE = YES;
				IPHONEOS_DEPLOYMENT_TARGET = 7.0;
				SDKROOT = iphoneos;
				VALIDATE_PRODUCT = YES;
			};
			name = Release;
		};
		20A3203418697DDA00548DC4 /* Debug */ = {
			isa = XCBuildConfiguration;
			buildSettings = {
				ASSETCATALOG_COMPILER_APPICON_NAME = AppIcon;
				ASSETCATALOG_COMPILER_LAUNCHIMAGE_NAME = LaunchImage;
				CODE_SIGN_IDENTITY = "iPhone Developer";
				"CODE_SIGN_IDENTITY[sdk=iphoneos*]" = "iPhone Developer";
				GCC_PRECOMPILE_PREFIX_HEADER = YES;
				GCC_PREFIX_HEADER = "CoreData/CoreData-Prefix.pch";
				INFOPLIST_FILE = "CoreData/CoreData-Info.plist";
				PRODUCT_NAME = "$(TARGET_NAME)";
				PROVISIONING_PROFILE = "";
				WRAPPER_EXTENSION = app;
			};
			name = Debug;
		};
		20A3203518697DDA00548DC4 /* Release */ = {
			isa = XCBuildConfiguration;
			buildSettings = {
				ASSETCATALOG_COMPILER_APPICON_NAME = AppIcon;
				ASSETCATALOG_COMPILER_LAUNCHIMAGE_NAME = LaunchImage;
				CODE_SIGN_IDENTITY = "iPhone Developer";
				"CODE_SIGN_IDENTITY[sdk=iphoneos*]" = "iPhone Developer";
				GCC_PRECOMPILE_PREFIX_HEADER = YES;
				GCC_PREFIX_HEADER = "CoreData/CoreData-Prefix.pch";
				INFOPLIST_FILE = "CoreData/CoreData-Info.plist";
				PRODUCT_NAME = "$(TARGET_NAME)";
				PROVISIONING_PROFILE = "";
				WRAPPER_EXTENSION = app;
			};
			name = Release;
		};
		20A3203718697DDA00548DC4 /* Debug */ = {
			isa = XCBuildConfiguration;
			buildSettings = {
				ARCHS = "$(ARCHS_STANDARD_INCLUDING_64_BIT)";
				BUNDLE_LOADER = "$(BUILT_PRODUCTS_DIR)/CoreData.app/CoreData";
				FRAMEWORK_SEARCH_PATHS = (
					"$(SDKROOT)/Developer/Library/Frameworks",
					"$(inherited)",
					"$(DEVELOPER_FRAMEWORKS_DIR)",
				);
				GCC_PRECOMPILE_PREFIX_HEADER = YES;
				GCC_PREFIX_HEADER = "CoreData/CoreData-Prefix.pch";
				GCC_PREPROCESSOR_DEFINITIONS = (
					"DEBUG=1",
					"$(inherited)",
				);
				INFOPLIST_FILE = "CoreDataTests/CoreDataTests-Info.plist";
				PRODUCT_NAME = "$(TARGET_NAME)";
				TEST_HOST = "$(BUNDLE_LOADER)";
				WRAPPER_EXTENSION = xctest;
			};
			name = Debug;
		};
		20A3203818697DDA00548DC4 /* Release */ = {
			isa = XCBuildConfiguration;
			buildSettings = {
				ARCHS = "$(ARCHS_STANDARD_INCLUDING_64_BIT)";
				BUNDLE_LOADER = "$(BUILT_PRODUCTS_DIR)/CoreData.app/CoreData";
				FRAMEWORK_SEARCH_PATHS = (
					"$(SDKROOT)/Developer/Library/Frameworks",
					"$(inherited)",
					"$(DEVELOPER_FRAMEWORKS_DIR)",
				);
				GCC_PRECOMPILE_PREFIX_HEADER = YES;
				GCC_PREFIX_HEADER = "CoreData/CoreData-Prefix.pch";
				INFOPLIST_FILE = "CoreDataTests/CoreDataTests-Info.plist";
				PRODUCT_NAME = "$(TARGET_NAME)";
				TEST_HOST = "$(BUNDLE_LOADER)";
				WRAPPER_EXTENSION = xctest;
			};
			name = Release;
		};
/* End XCBuildConfiguration section */

/* Begin XCConfigurationList section */
		20A31FFC18697DDA00548DC4 /* Build configuration list for PBXProject "CoreData" */ = {
			isa = XCConfigurationList;
			buildConfigurations = (
				20A3203118697DDA00548DC4 /* Debug */,
				20A3203218697DDA00548DC4 /* Release */,
			);
			defaultConfigurationIsVisible = 0;
			defaultConfigurationName = Release;
		};
		20A3203318697DDA00548DC4 /* Build configuration list for PBXNativeTarget "CoreData" */ = {
			isa = XCConfigurationList;
			buildConfigurations = (
				20A3203418697DDA00548DC4 /* Debug */,
				20A3203518697DDA00548DC4 /* Release */,
			);
			defaultConfigurationIsVisible = 0;
		};
		20A3203618697DDA00548DC4 /* Build configuration list for PBXNativeTarget "CoreDataTests" */ = {
			isa = XCConfigurationList;
			buildConfigurations = (
				20A3203718697DDA00548DC4 /* Debug */,
				20A3203818697DDA00548DC4 /* Release */,
			);
			defaultConfigurationIsVisible = 0;
		};
/* End XCConfigurationList section */

/* Begin XCVersionGroup section */
		20A3201818697DDA00548DC4 /* CoreData.xcdatamodeld */ = {
			isa = XCVersionGroup;
			children = (
				20A3201918697DDA00548DC4 /* CoreData.xcdatamodel */,
			);
			currentVersion = 20A3201918697DDA00548DC4 /* CoreData.xcdatamodel */;
			path = CoreData.xcdatamodeld;
			sourceTree = "<group>";
			versionGroupType = wrapper.xcdatamodel;
		};
/* End XCVersionGroup section */
	};
	rootObject = 20A31FF918697DDA00548DC4 /* Project object */;
}
